// !$*UTF8*$!
{
	archiveVersion = 1;
	classes = {
	};
	objectVersion = 56;
	objects = {

/* Begin PBXBuildFile section */
		EF0F558C2B7B32500082AC53 /* SwiftUIToolTipBoxTests.swift in Sources */ = {isa = PBXBuildFile; fileRef = EF0F558B2B7B32500082AC53 /* SwiftUIToolTipBoxTests.swift */; };
		EF0F55962B7B32500082AC53 /* SwiftUIToolTipBoxUITests.swift in Sources */ = {isa = PBXBuildFile; fileRef = EF0F55952B7B32500082AC53 /* SwiftUIToolTipBoxUITests.swift */; };
		EF0F55982B7B32500082AC53 /* SwiftUIToolTipBoxUITestsLaunchTests.swift in Sources */ = {isa = PBXBuildFile; fileRef = EF0F55972B7B32500082AC53 /* SwiftUIToolTipBoxUITestsLaunchTests.swift */; };
		EFD9D0692B7C515D00C975C2 /* ToolTipShape.swift in Sources */ = {isa = PBXBuildFile; fileRef = EFD9D05C2B7C515D00C975C2 /* ToolTipShape.swift */; };
		EFD9D06A2B7C515D00C975C2 /* ToolTipModifier.swift in Sources */ = {isa = PBXBuildFile; fileRef = EFD9D05E2B7C515D00C975C2 /* ToolTipModifier.swift */; };
		EFD9D06B2B7C515D00C975C2 /* ToolTipModel.swift in Sources */ = {isa = PBXBuildFile; fileRef = EFD9D0602B7C515D00C975C2 /* ToolTipModel.swift */; };
		EFD9D06C2B7C515D00C975C2 /* ContentView.swift in Sources */ = {isa = PBXBuildFile; fileRef = EFD9D0622B7C515D00C975C2 /* ContentView.swift */; };
		EFD9D06D2B7C515D00C975C2 /* Assets.xcassets in Resources */ = {isa = PBXBuildFile; fileRef = EFD9D0642B7C515D00C975C2 /* Assets.xcassets */; };
		EFD9D06E2B7C515D00C975C2 /* Preview Assets.xcassets in Resources */ = {isa = PBXBuildFile; fileRef = EFD9D0662B7C515D00C975C2 /* Preview Assets.xcassets */; };
		EFD9D06F2B7C515D00C975C2 /* SwiftUIToolTipBoxApp.swift in Sources */ = {isa = PBXBuildFile; fileRef = EFD9D0682B7C515D00C975C2 /* SwiftUIToolTipBoxApp.swift */; };
/* End PBXBuildFile section */

/* Begin PBXContainerItemProxy section */
		EF0F55882B7B32500082AC53 /* PBXContainerItemProxy */ = {
			isa = PBXContainerItemProxy;
			containerPortal = EF0F556F2B7B324E0082AC53 /* Project object */;
			proxyType = 1;
			remoteGlobalIDString = EF0F55762B7B324E0082AC53;
			remoteInfo = SwiftUIToolTipBox;
		};
		EF0F55922B7B32500082AC53 /* PBXContainerItemProxy */ = {
			isa = PBXContainerItemProxy;
			containerPortal = EF0F556F2B7B324E0082AC53 /* Project object */;
			proxyType = 1;
			remoteGlobalIDString = EF0F55762B7B324E0082AC53;
			remoteInfo = SwiftUIToolTipBox;
		};
/* End PBXContainerItemProxy section */

/* Begin PBXFileReference section */
		EF0F55772B7B324E0082AC53 /* SwiftUIToolTipBox.app */ = {isa = PBXFileReference; explicitFileType = wrapper.application; includeInIndex = 0; path = SwiftUIToolTipBox.app; sourceTree = BUILT_PRODUCTS_DIR; };
		EF0F55872B7B32500082AC53 /* SwiftUIToolTipBoxTests.xctest */ = {isa = PBXFileReference; explicitFileType = wrapper.cfbundle; includeInIndex = 0; path = SwiftUIToolTipBoxTests.xctest; sourceTree = BUILT_PRODUCTS_DIR; };
		EF0F558B2B7B32500082AC53 /* SwiftUIToolTipBoxTests.swift */ = {isa = PBXFileReference; lastKnownFileType = sourcecode.swift; path = SwiftUIToolTipBoxTests.swift; sourceTree = "<group>"; };
		EF0F55912B7B32500082AC53 /* SwiftUIToolTipBoxUITests.xctest */ = {isa = PBXFileReference; explicitFileType = wrapper.cfbundle; includeInIndex = 0; path = SwiftUIToolTipBoxUITests.xctest; sourceTree = BUILT_PRODUCTS_DIR; };
		EF0F55952B7B32500082AC53 /* SwiftUIToolTipBoxUITests.swift */ = {isa = PBXFileReference; lastKnownFileType = sourcecode.swift; path = SwiftUIToolTipBoxUITests.swift; sourceTree = "<group>"; };
		EF0F55972B7B32500082AC53 /* SwiftUIToolTipBoxUITestsLaunchTests.swift */ = {isa = PBXFileReference; lastKnownFileType = sourcecode.swift; path = SwiftUIToolTipBoxUITestsLaunchTests.swift; sourceTree = "<group>"; };
		EFD9D05C2B7C515D00C975C2 /* ToolTipShape.swift */ = {isa = PBXFileReference; fileEncoding = 4; lastKnownFileType = sourcecode.swift; path = ToolTipShape.swift; sourceTree = "<group>"; };
		EFD9D05E2B7C515D00C975C2 /* ToolTipModifier.swift */ = {isa = PBXFileReference; fileEncoding = 4; lastKnownFileType = sourcecode.swift; path = ToolTipModifier.swift; sourceTree = "<group>"; };
		EFD9D0602B7C515D00C975C2 /* ToolTipModel.swift */ = {isa = PBXFileReference; fileEncoding = 4; lastKnownFileType = sourcecode.swift; path = ToolTipModel.swift; sourceTree = "<group>"; };
		EFD9D0622B7C515D00C975C2 /* ContentView.swift */ = {isa = PBXFileReference; fileEncoding = 4; lastKnownFileType = sourcecode.swift; path = ContentView.swift; sourceTree = "<group>"; };
		EFD9D0642B7C515D00C975C2 /* Assets.xcassets */ = {isa = PBXFileReference; lastKnownFileType = folder.assetcatalog; path = Assets.xcassets; sourceTree = "<group>"; };
		EFD9D0662B7C515D00C975C2 /* Preview Assets.xcassets */ = {isa = PBXFileReference; lastKnownFileType = folder.assetcatalog; path = "Preview Assets.xcassets"; sourceTree = "<group>"; };
		EFD9D0682B7C515D00C975C2 /* SwiftUIToolTipBoxApp.swift */ = {isa = PBXFileReference; fileEncoding = 4; lastKnownFileType = sourcecode.swift; path = SwiftUIToolTipBoxApp.swift; sourceTree = "<group>"; };
/* End PBXFileReference section */

/* Begin PBXFrameworksBuildPhase section */
		EF0F55742B7B324E0082AC53 /* Frameworks */ = {
			isa = PBXFrameworksBuildPhase;
			buildActionMask = 2147483647;
			files = (
			);
			runOnlyForDeploymentPostprocessing = 0;
		};
		EF0F55842B7B32500082AC53 /* Frameworks */ = {
			isa = PBXFrameworksBuildPhase;
			buildActionMask = 2147483647;
			files = (
			);
			runOnlyForDeploymentPostprocessing = 0;
		};
		EF0F558E2B7B32500082AC53 /* Frameworks */ = {
			isa = PBXFrameworksBuildPhase;
			buildActionMask = 2147483647;
			files = (
			);
			runOnlyForDeploymentPostprocessing = 0;
		};
/* End PBXFrameworksBuildPhase section */

/* Begin PBXGroup section */
		EF0F556E2B7B324E0082AC53 = {
			isa = PBXGroup;
			children = (
				EF0F55792B7B324E0082AC53 /* SwiftUIToolTipBox */,
				EF0F558A2B7B32500082AC53 /* SwiftUIToolTipBoxTests */,
				EF0F55942B7B32500082AC53 /* SwiftUIToolTipBoxUITests */,
				EF0F55782B7B324E0082AC53 /* Products */,
			);
			sourceTree = "<group>";
		};
		EF0F55782B7B324E0082AC53 /* Products */ = {
			isa = PBXGroup;
			children = (
				EF0F55772B7B324E0082AC53 /* SwiftUIToolTipBox.app */,
				EF0F55872B7B32500082AC53 /* SwiftUIToolTipBoxTests.xctest */,
				EF0F55912B7B32500082AC53 /* SwiftUIToolTipBoxUITests.xctest */,
			);
			name = Products;
			sourceTree = "<group>";
		};
		EF0F55792B7B324E0082AC53 /* SwiftUIToolTipBox */ = {
			isa = PBXGroup;
			children = (
				EFD9D0562B7C515D00C975C2 /* Sources */,
			);
			path = SwiftUIToolTipBox;
			sourceTree = "<group>";
		};
		EF0F558A2B7B32500082AC53 /* SwiftUIToolTipBoxTests */ = {
			isa = PBXGroup;
			children = (
				EF0F558B2B7B32500082AC53 /* SwiftUIToolTipBoxTests.swift */,
			);
			path = SwiftUIToolTipBoxTests;
			sourceTree = "<group>";
		};
		EF0F55942B7B32500082AC53 /* SwiftUIToolTipBoxUITests */ = {
			isa = PBXGroup;
			children = (
				EF0F55952B7B32500082AC53 /* SwiftUIToolTipBoxUITests.swift */,
				EF0F55972B7B32500082AC53 /* SwiftUIToolTipBoxUITestsLaunchTests.swift */,
			);
			path = SwiftUIToolTipBoxUITests;
			sourceTree = "<group>";
		};
		EFD9D0562B7C515D00C975C2 /* Sources */ = {
			isa = PBXGroup;
			children = (
				EFD9D0582B7C515D00C975C2 /* ToolTipBox */,
				EFD9D0632B7C515D00C975C2 /* Utils */,
				EFD9D0652B7C515D00C975C2 /* Preview Content */,
				EFD9D0672B7C515D00C975C2 /* Window */,
			);
			path = Sources;
			sourceTree = SOURCE_ROOT;
		};
		EFD9D0582B7C515D00C975C2 /* ToolTipBox */ = {
			isa = PBXGroup;
			children = (
				EFD9D0592B7C515D00C975C2 /* Extension */,
				EFD9D05A2B7C515D00C975C2 /* Modifier */,
				EFD9D05F2B7C515D00C975C2 /* Model */,
				EFD9D0612B7C515D00C975C2 /* View */,
			);
			path = ToolTipBox;
			sourceTree = "<group>";
		};
		EFD9D0592B7C515D00C975C2 /* Extension */ = {
			isa = PBXGroup;
			children = (
			);
			path = Extension;
			sourceTree = "<group>";
		};
		EFD9D05A2B7C515D00C975C2 /* Modifier */ = {
			isa = PBXGroup;
			children = (
				EFD9D05B2B7C515D00C975C2 /* CustomShape */,
				EFD9D05D2B7C515D00C975C2 /* View */,
			);
			path = Modifier;
			sourceTree = "<group>";
		};
		EFD9D05B2B7C515D00C975C2 /* CustomShape */ = {
			isa = PBXGroup;
			children = (
				EFD9D05C2B7C515D00C975C2 /* ToolTipShape.swift */,
			);
			path = CustomShape;
			sourceTree = "<group>";
		};
		EFD9D05D2B7C515D00C975C2 /* View */ = {
			isa = PBXGroup;
			children = (
				EFD9D05E2B7C515D00C975C2 /* ToolTipModifier.swift */,
			);
			path = View;
			sourceTree = "<group>";
		};
		EFD9D05F2B7C515D00C975C2 /* Model */ = {
			isa = PBXGroup;
			children = (
				EFD9D0602B7C515D00C975C2 /* ToolTipModel.swift */,
			);
			path = Model;
			sourceTree = "<group>";
		};
		EFD9D0612B7C515D00C975C2 /* View */ = {
			isa = PBXGroup;
			children = (
				EFD9D0622B7C515D00C975C2 /* ContentView.swift */,
			);
			path = View;
			sourceTree = "<group>";
		};
		EFD9D0632B7C515D00C975C2 /* Utils */ = {
			isa = PBXGroup;
			children = (
				EFD9D0642B7C515D00C975C2 /* Assets.xcassets */,
			);
			path = Utils;
			sourceTree = "<group>";
		};
		EFD9D0652B7C515D00C975C2 /* Preview Content */ = {
			isa = PBXGroup;
			children = (
				EFD9D0662B7C515D00C975C2 /* Preview Assets.xcassets */,
			);
			path = "Preview Content";
			sourceTree = "<group>";
		};
		EFD9D0672B7C515D00C975C2 /* Window */ = {
			isa = PBXGroup;
			children = (
				EFD9D0682B7C515D00C975C2 /* SwiftUIToolTipBoxApp.swift */,
			);
			path = Window;
			sourceTree = "<group>";
		};
/* End PBXGroup section */

/* Begin PBXNativeTarget section */
		EF0F55762B7B324E0082AC53 /* SwiftUIToolTipBox */ = {
			isa = PBXNativeTarget;
			buildConfigurationList = EF0F559B2B7B32500082AC53 /* Build configuration list for PBXNativeTarget "SwiftUIToolTipBox" */;
			buildPhases = (
				EF0F55732B7B324E0082AC53 /* Sources */,
				EF0F55742B7B324E0082AC53 /* Frameworks */,
				EF0F55752B7B324E0082AC53 /* Resources */,
			);
			buildRules = (
			);
			dependencies = (
			);
			name = SwiftUIToolTipBox;
			productName = SwiftUIToolTipBox;
			productReference = EF0F55772B7B324E0082AC53 /* SwiftUIToolTipBox.app */;
			productType = "com.apple.product-type.application";
		};
		EF0F55862B7B32500082AC53 /* SwiftUIToolTipBoxTests */ = {
			isa = PBXNativeTarget;
			buildConfigurationList = EF0F559E2B7B32500082AC53 /* Build configuration list for PBXNativeTarget "SwiftUIToolTipBoxTests" */;
			buildPhases = (
				EF0F55832B7B32500082AC53 /* Sources */,
				EF0F55842B7B32500082AC53 /* Frameworks */,
				EF0F55852B7B32500082AC53 /* Resources */,
			);
			buildRules = (
			);
			dependencies = (
				EF0F55892B7B32500082AC53 /* PBXTargetDependency */,
			);
			name = SwiftUIToolTipBoxTests;
			productName = SwiftUIToolTipBoxTests;
			productReference = EF0F55872B7B32500082AC53 /* SwiftUIToolTipBoxTests.xctest */;
			productType = "com.apple.product-type.bundle.unit-test";
		};
		EF0F55902B7B32500082AC53 /* SwiftUIToolTipBoxUITests */ = {
			isa = PBXNativeTarget;
			buildConfigurationList = EF0F55A12B7B32500082AC53 /* Build configuration list for PBXNativeTarget "SwiftUIToolTipBoxUITests" */;
			buildPhases = (
				EF0F558D2B7B32500082AC53 /* Sources */,
				EF0F558E2B7B32500082AC53 /* Frameworks */,
				EF0F558F2B7B32500082AC53 /* Resources */,
			);
			buildRules = (
			);
			dependencies = (
				EF0F55932B7B32500082AC53 /* PBXTargetDependency */,
			);
			name = SwiftUIToolTipBoxUITests;
			productName = SwiftUIToolTipBoxUITests;
			productReference = EF0F55912B7B32500082AC53 /* SwiftUIToolTipBoxUITests.xctest */;
			productType = "com.apple.product-type.bundle.ui-testing";
		};
/* End PBXNativeTarget section */

/* Begin PBXProject section */
		EF0F556F2B7B324E0082AC53 /* Project object */ = {
			isa = PBXProject;
			attributes = {
				BuildIndependentTargetsInParallel = 1;
				LastSwiftUpdateCheck = 1430;
				LastUpgradeCheck = 1430;
				TargetAttributes = {
					EF0F55762B7B324E0082AC53 = {
						CreatedOnToolsVersion = 14.3;
					};
					EF0F55862B7B32500082AC53 = {
						CreatedOnToolsVersion = 14.3;
						TestTargetID = EF0F55762B7B324E0082AC53;
					};
					EF0F55902B7B32500082AC53 = {
						CreatedOnToolsVersion = 14.3;
						TestTargetID = EF0F55762B7B324E0082AC53;
					};
				};
			};
			buildConfigurationList = EF0F55722B7B324E0082AC53 /* Build configuration list for PBXProject "SwiftUIToolTipBox" */;
			compatibilityVersion = "Xcode 14.0";
			developmentRegion = en;
			hasScannedForEncodings = 0;
			knownRegions = (
				en,
				Base,
			);
			mainGroup = EF0F556E2B7B324E0082AC53;
			productRefGroup = EF0F55782B7B324E0082AC53 /* Products */;
			projectDirPath = "";
			projectRoot = "";
			targets = (
				EF0F55762B7B324E0082AC53 /* SwiftUIToolTipBox */,
				EF0F55862B7B32500082AC53 /* SwiftUIToolTipBoxTests */,
				EF0F55902B7B32500082AC53 /* SwiftUIToolTipBoxUITests */,
			);
		};
/* End PBXProject section */

/* Begin PBXResourcesBuildPhase section */
		EF0F55752B7B324E0082AC53 /* Resources */ = {
			isa = PBXResourcesBuildPhase;
			buildActionMask = 2147483647;
			files = (
				EFD9D06E2B7C515D00C975C2 /* Preview Assets.xcassets in Resources */,
				EFD9D06D2B7C515D00C975C2 /* Assets.xcassets in Resources */,
			);
			runOnlyForDeploymentPostprocessing = 0;
		};
		EF0F55852B7B32500082AC53 /* Resources */ = {
			isa = PBXResourcesBuildPhase;
			buildActionMask = 2147483647;
			files = (
			);
			runOnlyForDeploymentPostprocessing = 0;
		};
		EF0F558F2B7B32500082AC53 /* Resources */ = {
			isa = PBXResourcesBuildPhase;
			buildActionMask = 2147483647;
			files = (
			);
			runOnlyForDeploymentPostprocessing = 0;
		};
/* End PBXResourcesBuildPhase section */

/* Begin PBXSourcesBuildPhase section */
		EF0F55732B7B324E0082AC53 /* Sources */ = {
			isa = PBXSourcesBuildPhase;
			buildActionMask = 2147483647;
			files = (
				EFD9D06A2B7C515D00C975C2 /* ToolTipModifier.swift in Sources */,
				EFD9D06B2B7C515D00C975C2 /* ToolTipModel.swift in Sources */,
				EFD9D06F2B7C515D00C975C2 /* SwiftUIToolTipBoxApp.swift in Sources */,
				EFD9D06C2B7C515D00C975C2 /* ContentView.swift in Sources */,
				EFD9D0692B7C515D00C975C2 /* ToolTipShape.swift in Sources */,
			);
			runOnlyForDeploymentPostprocessing = 0;
		};
		EF0F55832B7B32500082AC53 /* Sources */ = {
			isa = PBXSourcesBuildPhase;
			buildActionMask = 2147483647;
			files = (
				EF0F558C2B7B32500082AC53 /* SwiftUIToolTipBoxTests.swift in Sources */,
			);
			runOnlyForDeploymentPostprocessing = 0;
		};
		EF0F558D2B7B32500082AC53 /* Sources */ = {
			isa = PBXSourcesBuildPhase;
			buildActionMask = 2147483647;
			files = (
				EF0F55982B7B32500082AC53 /* SwiftUIToolTipBoxUITestsLaunchTests.swift in Sources */,
				EF0F55962B7B32500082AC53 /* SwiftUIToolTipBoxUITests.swift in Sources */,
			);
			runOnlyForDeploymentPostprocessing = 0;
		};
/* End PBXSourcesBuildPhase section */

/* Begin PBXTargetDependency section */
		EF0F55892B7B32500082AC53 /* PBXTargetDependency */ = {
			isa = PBXTargetDependency;
			target = EF0F55762B7B324E0082AC53 /* SwiftUIToolTipBox */;
			targetProxy = EF0F55882B7B32500082AC53 /* PBXContainerItemProxy */;
		};
		EF0F55932B7B32500082AC53 /* PBXTargetDependency */ = {
			isa = PBXTargetDependency;
			target = EF0F55762B7B324E0082AC53 /* SwiftUIToolTipBox */;
			targetProxy = EF0F55922B7B32500082AC53 /* PBXContainerItemProxy */;
		};
/* End PBXTargetDependency section */

/* Begin XCBuildConfiguration section */
		EF0F55992B7B32500082AC53 /* Debug */ = {
			isa = XCBuildConfiguration;
			buildSettings = {
				ALWAYS_SEARCH_USER_PATHS = NO;
				CLANG_ANALYZER_NONNULL = YES;
				CLANG_ANALYZER_NUMBER_OBJECT_CONVERSION = YES_AGGRESSIVE;
				CLANG_CXX_LANGUAGE_STANDARD = "gnu++20";
				CLANG_ENABLE_MODULES = YES;
				CLANG_ENABLE_OBJC_ARC = YES;
				CLANG_ENABLE_OBJC_WEAK = YES;
				CLANG_WARN_BLOCK_CAPTURE_AUTORELEASING = YES;
				CLANG_WARN_BOOL_CONVERSION = YES;
				CLANG_WARN_COMMA = YES;
				CLANG_WARN_CONSTANT_CONVERSION = YES;
				CLANG_WARN_DEPRECATED_OBJC_IMPLEMENTATIONS = YES;
				CLANG_WARN_DIRECT_OBJC_ISA_USAGE = YES_ERROR;
				CLANG_WARN_DOCUMENTATION_COMMENTS = YES;
				CLANG_WARN_EMPTY_BODY = YES;
				CLANG_WARN_ENUM_CONVERSION = YES;
				CLANG_WARN_INFINITE_RECURSION = YES;
				CLANG_WARN_INT_CONVERSION = YES;
				CLANG_WARN_NON_LITERAL_NULL_CONVERSION = YES;
				CLANG_WARN_OBJC_IMPLICIT_RETAIN_SELF = YES;
				CLANG_WARN_OBJC_LITERAL_CONVERSION = YES;
				CLANG_WARN_OBJC_ROOT_CLASS = YES_ERROR;
				CLANG_WARN_QUOTED_INCLUDE_IN_FRAMEWORK_HEADER = YES;
				CLANG_WARN_RANGE_LOOP_ANALYSIS = YES;
				CLANG_WARN_STRICT_PROTOTYPES = YES;
				CLANG_WARN_SUSPICIOUS_MOVE = YES;
				CLANG_WARN_UNGUARDED_AVAILABILITY = YES_AGGRESSIVE;
				CLANG_WARN_UNREACHABLE_CODE = YES;
				CLANG_WARN__DUPLICATE_METHOD_MATCH = YES;
				COPY_PHASE_STRIP = NO;
				DEBUG_INFORMATION_FORMAT = dwarf;
				ENABLE_STRICT_OBJC_MSGSEND = YES;
				ENABLE_TESTABILITY = YES;
				GCC_C_LANGUAGE_STANDARD = gnu11;
				GCC_DYNAMIC_NO_PIC = NO;
				GCC_NO_COMMON_BLOCKS = YES;
				GCC_OPTIMIZATION_LEVEL = 0;
				GCC_PREPROCESSOR_DEFINITIONS = (
					"DEBUG=1",
					"$(inherited)",
				);
				GCC_WARN_64_TO_32_BIT_CONVERSION = YES;
				GCC_WARN_ABOUT_RETURN_TYPE = YES_ERROR;
				GCC_WARN_UNDECLARED_SELECTOR = YES;
				GCC_WARN_UNINITIALIZED_AUTOS = YES_AGGRESSIVE;
				GCC_WARN_UNUSED_FUNCTION = YES;
				GCC_WARN_UNUSED_VARIABLE = YES;
				IPHONEOS_DEPLOYMENT_TARGET = 15.0;
				MTL_ENABLE_DEBUG_INFO = INCLUDE_SOURCE;
				MTL_FAST_MATH = YES;
				ONLY_ACTIVE_ARCH = YES;
				SDKROOT = iphoneos;
				SWIFT_ACTIVE_COMPILATION_CONDITIONS = DEBUG;
				SWIFT_OPTIMIZATION_LEVEL = "-Onone";
			};
			name = Debug;
		};
		EF0F559A2B7B32500082AC53 /* Release */ = {
			isa = XCBuildConfiguration;
			buildSettings = {
				ALWAYS_SEARCH_USER_PATHS = NO;
				CLANG_ANALYZER_NONNULL = YES;
				CLANG_ANALYZER_NUMBER_OBJECT_CONVERSION = YES_AGGRESSIVE;
				CLANG_CXX_LANGUAGE_STANDARD = "gnu++20";
				CLANG_ENABLE_MODULES = YES;
				CLANG_ENABLE_OBJC_ARC = YES;
				CLANG_ENABLE_OBJC_WEAK = YES;
				CLANG_WARN_BLOCK_CAPTURE_AUTORELEASING = YES;
				CLANG_WARN_BOOL_CONVERSION = YES;
				CLANG_WARN_COMMA = YES;
				CLANG_WARN_CONSTANT_CONVERSION = YES;
				CLANG_WARN_DEPRECATED_OBJC_IMPLEMENTATIONS = YES;
				CLANG_WARN_DIRECT_OBJC_ISA_USAGE = YES_ERROR;
				CLANG_WARN_DOCUMENTATION_COMMENTS = YES;
				CLANG_WARN_EMPTY_BODY = YES;
				CLANG_WARN_ENUM_CONVERSION = YES;
				CLANG_WARN_INFINITE_RECURSION = YES;
				CLANG_WARN_INT_CONVERSION = YES;
				CLANG_WARN_NON_LITERAL_NULL_CONVERSION = YES;
				CLANG_WARN_OBJC_IMPLICIT_RETAIN_SELF = YES;
				CLANG_WARN_OBJC_LITERAL_CONVERSION = YES;
				CLANG_WARN_OBJC_ROOT_CLASS = YES_ERROR;
				CLANG_WARN_QUOTED_INCLUDE_IN_FRAMEWORK_HEADER = YES;
				CLANG_WARN_RANGE_LOOP_ANALYSIS = YES;
				CLANG_WARN_STRICT_PROTOTYPES = YES;
				CLANG_WARN_SUSPICIOUS_MOVE = YES;
				CLANG_WARN_UNGUARDED_AVAILABILITY = YES_AGGRESSIVE;
				CLANG_WARN_UNREACHABLE_CODE = YES;
				CLANG_WARN__DUPLICATE_METHOD_MATCH = YES;
				COPY_PHASE_STRIP = NO;
				DEBUG_INFORMATION_FORMAT = "dwarf-with-dsym";
				ENABLE_NS_ASSERTIONS = NO;
				ENABLE_STRICT_OBJC_MSGSEND = YES;
				GCC_C_LANGUAGE_STANDARD = gnu11;
				GCC_NO_COMMON_BLOCKS = YES;
				GCC_WARN_64_TO_32_BIT_CONVERSION = YES;
				GCC_WARN_ABOUT_RETURN_TYPE = YES_ERROR;
				GCC_WARN_UNDECLARED_SELECTOR = YES;
				GCC_WARN_UNINITIALIZED_AUTOS = YES_AGGRESSIVE;
				GCC_WARN_UNUSED_FUNCTION = YES;
				GCC_WARN_UNUSED_VARIABLE = YES;
				IPHONEOS_DEPLOYMENT_TARGET = 15.0;
				MTL_ENABLE_DEBUG_INFO = NO;
				MTL_FAST_MATH = YES;
				SDKROOT = iphoneos;
				SWIFT_COMPILATION_MODE = wholemodule;
				SWIFT_OPTIMIZATION_LEVEL = "-O";
				VALIDATE_PRODUCT = YES;
			};
			name = Release;
		};
		EF0F559C2B7B32500082AC53 /* Debug */ = {
			isa = XCBuildConfiguration;
			buildSettings = {
				ASSETCATALOG_COMPILER_APPICON_NAME = AppIcon;
				ASSETCATALOG_COMPILER_GLOBAL_ACCENT_COLOR_NAME = AccentColor;
				CODE_SIGN_STYLE = Automatic;
				CURRENT_PROJECT_VERSION = 1;
				DEVELOPMENT_ASSET_PATHS = "\"Sources/Preview Content\"";
				DEVELOPMENT_TEAM = JA868URLCA;
				ENABLE_PREVIEWS = YES;
				GENERATE_INFOPLIST_FILE = YES;
				INFOPLIST_KEY_UIApplicationSceneManifest_Generation = YES;
				INFOPLIST_KEY_UIApplicationSupportsIndirectInputEvents = YES;
				INFOPLIST_KEY_UILaunchScreen_Generation = YES;
				INFOPLIST_KEY_UISupportedInterfaceOrientations_iPad = "UIInterfaceOrientationPortrait UIInterfaceOrientationPortraitUpsideDown UIInterfaceOrientationLandscapeLeft UIInterfaceOrientationLandscapeRight";
				INFOPLIST_KEY_UISupportedInterfaceOrientations_iPhone = "UIInterfaceOrientationPortrait UIInterfaceOrientationLandscapeLeft UIInterfaceOrientationLandscapeRight";
				LD_RUNPATH_SEARCH_PATHS = (
					"$(inherited)",
					"@executable_path/Frameworks",
				);
				MARKETING_VERSION = 1.0;
				PRODUCT_BUNDLE_IDENTIFIER = com.SimSangGab.SwiftUIToolTipBox;
				PRODUCT_NAME = "$(TARGET_NAME)";
				SWIFT_EMIT_LOC_STRINGS = YES;
				SWIFT_VERSION = 5.0;
				TARGETED_DEVICE_FAMILY = "1,2";
			};
			name = Debug;
		};
		EF0F559D2B7B32500082AC53 /* Release */ = {
			isa = XCBuildConfiguration;
			buildSettings = {
				ASSETCATALOG_COMPILER_APPICON_NAME = AppIcon;
				ASSETCATALOG_COMPILER_GLOBAL_ACCENT_COLOR_NAME = AccentColor;
				CODE_SIGN_STYLE = Automatic;
				CURRENT_PROJECT_VERSION = 1;
				DEVELOPMENT_ASSET_PATHS = "\"Sources/Preview Content\"";
				DEVELOPMENT_TEAM = JA868URLCA;
				ENABLE_PREVIEWS = YES;
				GENERATE_INFOPLIST_FILE = YES;
				INFOPLIST_KEY_UIApplicationSceneManifest_Generation = YES;
				INFOPLIST_KEY_UIApplicationSupportsIndirectInputEvents = YES;
				INFOPLIST_KEY_UILaunchScreen_Generation = YES;
				INFOPLIST_KEY_UISupportedInterfaceOrientations_iPad = "UIInterfaceOrientationPortrait UIInterfaceOrientationPortraitUpsideDown UIInterfaceOrientationLandscapeLeft UIInterfaceOrientationLandscapeRight";
				INFOPLIST_KEY_UISupportedInterfaceOrientations_iPhone = "UIInterfaceOrientationPortrait UIInterfaceOrientationLandscapeLeft UIInterfaceOrientationLandscapeRight";
				LD_RUNPATH_SEARCH_PATHS = (
					"$(inherited)",
					"@executable_path/Frameworks",
				);
				MARKETING_VERSION = 1.0;
				PRODUCT_BUNDLE_IDENTIFIER = com.SimSangGab.SwiftUIToolTipBox;
				PRODUCT_NAME = "$(TARGET_NAME)";
				SWIFT_EMIT_LOC_STRINGS = YES;
				SWIFT_VERSION = 5.0;
				TARGETED_DEVICE_FAMILY = "1,2";
			};
			name = Release;
		};
		EF0F559F2B7B32500082AC53 /* Debug */ = {
			isa = XCBuildConfiguration;
			buildSettings = {
				ALWAYS_EMBED_SWIFT_STANDARD_LIBRARIES = YES;
				BUNDLE_LOADER = "$(TEST_HOST)";
				CODE_SIGN_STYLE = Automatic;
				CURRENT_PROJECT_VERSION = 1;
				DEVELOPMENT_TEAM = JA868URLCA;
				GENERATE_INFOPLIST_FILE = YES;
				IPHONEOS_DEPLOYMENT_TARGET = 16.4;
				MARKETING_VERSION = 1.0;
				PRODUCT_BUNDLE_IDENTIFIER = com.SimSangGab.SwiftUIToolTipBoxTests;
				PRODUCT_NAME = "$(TARGET_NAME)";
				SWIFT_EMIT_LOC_STRINGS = NO;
				SWIFT_VERSION = 5.0;
				TARGETED_DEVICE_FAMILY = "1,2";
				TEST_HOST = "$(BUILT_PRODUCTS_DIR)/SwiftUIToolTipBox.app/$(BUNDLE_EXECUTABLE_FOLDER_PATH)/SwiftUIToolTipBox";
			};
			name = Debug;
		};
		EF0F55A02B7B32500082AC53 /* Release */ = {
			isa = XCBuildConfiguration;
			buildSettings = {
				ALWAYS_EMBED_SWIFT_STANDARD_LIBRARIES = YES;
				BUNDLE_LOADER = "$(TEST_HOST)";
				CODE_SIGN_STYLE = Automatic;
				CURRENT_PROJECT_VERSION = 1;
				DEVELOPMENT_TEAM = JA868URLCA;
				GENERATE_INFOPLIST_FILE = YES;
				IPHONEOS_DEPLOYMENT_TARGET = 16.4;
				MARKETING_VERSION = 1.0;
				PRODUCT_BUNDLE_IDENTIFIER = com.SimSangGab.SwiftUIToolTipBoxTests;
				PRODUCT_NAME = "$(TARGET_NAME)";
				SWIFT_EMIT_LOC_STRINGS = NO;
				SWIFT_VERSION = 5.0;
				TARGETED_DEVICE_FAMILY = "1,2";
				TEST_HOST = "$(BUILT_PRODUCTS_DIR)/SwiftUIToolTipBox.app/$(BUNDLE_EXECUTABLE_FOLDER_PATH)/SwiftUIToolTipBox";
			};
			name = Release;
		};
		EF0F55A22B7B32500082AC53 /* Debug */ = {
			isa = XCBuildConfiguration;
			buildSettings = {
				ALWAYS_EMBED_SWIFT_STANDARD_LIBRARIES = YES;
				CODE_SIGN_STYLE = Automatic;
				CURRENT_PROJECT_VERSION = 1;
				DEVELOPMENT_TEAM = JA868URLCA;
				GENERATE_INFOPLIST_FILE = YES;
				MARKETING_VERSION = 1.0;
				PRODUCT_BUNDLE_IDENTIFIER = com.SimSangGab.SwiftUIToolTipBoxUITests;
				PRODUCT_NAME = "$(TARGET_NAME)";
				SWIFT_EMIT_LOC_STRINGS = NO;
				SWIFT_VERSION = 5.0;
				TARGETED_DEVICE_FAMILY = "1,2";
				TEST_TARGET_NAME = SwiftUIToolTipBox;
			};
			name = Debug;
		};
		EF0F55A32B7B32500082AC53 /* Release */ = {
			isa = XCBuildConfiguration;
			buildSettings = {
				ALWAYS_EMBED_SWIFT_STANDARD_LIBRARIES = YES;
				CODE_SIGN_STYLE = Automatic;
				CURRENT_PROJECT_VERSION = 1;
				DEVELOPMENT_TEAM = JA868URLCA;
				GENERATE_INFOPLIST_FILE = YES;
				MARKETING_VERSION = 1.0;
				PRODUCT_BUNDLE_IDENTIFIER = com.SimSangGab.SwiftUIToolTipBoxUITests;
				PRODUCT_NAME = "$(TARGET_NAME)";
				SWIFT_EMIT_LOC_STRINGS = NO;
				SWIFT_VERSION = 5.0;
				TARGETED_DEVICE_FAMILY = "1,2";
				TEST_TARGET_NAME = SwiftUIToolTipBox;
			};
			name = Release;
		};
/* End XCBuildConfiguration section */

/* Begin XCConfigurationList section */
		EF0F55722B7B324E0082AC53 /* Build configuration list for PBXProject "SwiftUIToolTipBox" */ = {
			isa = XCConfigurationList;
			buildConfigurations = (
				EF0F55992B7B32500082AC53 /* Debug */,
				EF0F559A2B7B32500082AC53 /* Release */,
			);
			defaultConfigurationIsVisible = 0;
			defaultConfigurationName = Release;
		};
		EF0F559B2B7B32500082AC53 /* Build configuration list for PBXNativeTarget "SwiftUIToolTipBox" */ = {
			isa = XCConfigurationList;
			buildConfigurations = (
				EF0F559C2B7B32500082AC53 /* Debug */,
				EF0F559D2B7B32500082AC53 /* Release */,
			);
			defaultConfigurationIsVisible = 0;
			defaultConfigurationName = Release;
		};
		EF0F559E2B7B32500082AC53 /* Build configuration list for PBXNativeTarget "SwiftUIToolTipBoxTests" */ = {
			isa = XCConfigurationList;
			buildConfigurations = (
				EF0F559F2B7B32500082AC53 /* Debug */,
				EF0F55A02B7B32500082AC53 /* Release */,
			);
			defaultConfigurationIsVisible = 0;
			defaultConfigurationName = Release;
		};
		EF0F55A12B7B32500082AC53 /* Build configuration list for PBXNativeTarget "SwiftUIToolTipBoxUITests" */ = {
			isa = XCConfigurationList;
			buildConfigurations = (
				EF0F55A22B7B32500082AC53 /* Debug */,
				EF0F55A32B7B32500082AC53 /* Release */,
			);
			defaultConfigurationIsVisible = 0;
			defaultConfigurationName = Release;
		};
/* End XCConfigurationList section */
	};
	rootObject = EF0F556F2B7B324E0082AC53 /* Project object */;
}
